
Microsoft Visual Studio Solution File, Format Version 12.00
# Visual Studio Version 18
VisualStudioVersion = 18.6.11822.322 stable
MinimumVisualStudioVersion = 10.0.40219.1
Project("{FAE04EC0-301F-11D3-BF4B-00C04F79EFBC}") = "ApexDelta", "ApexDelta\ApexDelta.csproj", "{D5BA4173-78CE-F727-89A3-C8AD004A74F9}"
EndProject
Project("{FAE04EC0-301F-11D3-BF4B-00C04F79EFBC}") = "Serialising Objects", "Serialising Objects\Serialising Objects.csproj", "{4F61AC6A-986D-598F-D9C1-6B3BED1060F0}"
EndProject
Global
	GlobalSection(SolutionConfigurationPlatforms) = preSolution
		Debug|Any CPU = Debug|Any CPU
		Release|Any CPU = Release|Any CPU
	EndGlobalSection
	GlobalSection(ProjectConfigurationPlatforms) = postSolution
		{D5BA4173-78CE-F727-89A3-C8AD004A74F9}.Debug|Any CPU.ActiveCfg = Debug|Any CPU
		{D5BA4173-78CE-F727-89A3-C8AD004A74F9}.Debug|Any CPU.Build.0 = Debug|Any CPU
		{D5BA4173-78CE-F727-89A3-C8AD004A74F9}.Release|Any CPU.ActiveCfg = Release|Any CPU
		{D5BA4173-78CE-F727-89A3-C8AD004A74F9}.Release|Any CPU.Build.0 = Release|Any CPU
		{4F61AC6A-986D-598F-D9C1-6B3BED1060F0}.Debug|Any CPU.ActiveCfg = Debug|Any CPU
		{4F61AC6A-986D-598F-D9C1-6B3BED1060F0}.Debug|Any CPU.Build.0 = Debug|Any CPU
		{4F61AC6A-986D-598F-D9C1-6B3BED1060F0}.Release|Any CPU.ActiveCfg = Release|Any CPU
		{4F61AC6A-986D-598F-D9C1-6B3BED1060F0}.Release|Any CPU.Build.0 = Release|Any CPU
	EndGlobalSection
	GlobalSection(SolutionProperties) = preSolution
		HideSolutionNode = FALSE
	EndGlobalSection
	GlobalSection(ExtensibilityGlobals) = postSolution
		SolutionGuid = {ED2D4A3A-7583-44D1-A0FD-EAAE939F6DBB}
	EndGlobalSection
EndGlobal
